// !$*UTF8*$!
{
	archiveVersion = 1;
	classes = {
	};
	objectVersion = 50;
	objects = {

/* Begin PBXBuildFile section */
		AA64FB96252BCA70001EDE45 /* AppDelegate.swift in Sources */ = {isa = PBXBuildFile; fileRef = AA64FB95252BCA70001EDE45 /* AppDelegate.swift */; };
		AA64FB98252BCA70001EDE45 /* SceneDelegate.swift in Sources */ = {isa = PBXBuildFile; fileRef = AA64FB97252BCA70001EDE45 /* SceneDelegate.swift */; };
		AA64FB9A252BCA70001EDE45 /* ViewController.swift in Sources */ = {isa = PBXBuildFile; fileRef = AA64FB99252BCA70001EDE45 /* ViewController.swift */; };
		AA64FB9D252BCA70001EDE45 /* Main.storyboard in Resources */ = {isa = PBXBuildFile; fileRef = AA64FB9B252BCA70001EDE45 /* Main.storyboard */; };
		AA64FB9F252BCA76001EDE45 /* Assets.xcassets in Resources */ = {isa = PBXBuildFile; fileRef = AA64FB9E252BCA76001EDE45 /* Assets.xcassets */; };
		AA64FBA2252BCA76001EDE45 /* LaunchScreen.storyboard in Resources */ = {isa = PBXBuildFile; fileRef = AA64FBA0252BCA76001EDE45 /* LaunchScreen.storyboard */; };
		AA64FBAB252BCD21001EDE45 /* MobileNetV2.mlmodel in Sources */ = {isa = PBXBuildFile; fileRef = AA64FBAA252BCD21001EDE45 /* MobileNetV2.mlmodel */; };
/* End PBXBuildFile section */

/* Begin PBXFileReference section */
		AA64FB92252BCA70001EDE45 /* MachineLearningImageRecognition.app */ = {isa = PBXFileReference; explicitFileType = wrapper.application; includeInIndex = 0; path = MachineLearningImageRecognition.app; sourceTree = BUILT_PRODUCTS_DIR; };
		AA64FB95252BCA70001EDE45 /* AppDelegate.swift */ = {isa = PBXFileReference; lastKnownFileType = sourcecode.swift; path = AppDelegate.swift; sourceTree = "<group>"; };
		AA64FB97252BCA70001EDE45 /* SceneDelegate.swift */ = {isa = PBXFileReference; lastKnownFileType = sourcecode.swift; path = SceneDelegate.swift; sourceTree = "<group>"; };
		AA64FB99252BCA70001EDE45 /* ViewController.swift */ = {isa = PBXFileReference; lastKnownFileType = sourcecode.swift; path = ViewController.swift; sourceTree = "<group>"; };
		AA64FB9C252BCA70001EDE45 /* Base */ = {isa = PBXFileReference; lastKnownFileType = file.storyboard; name = Base; path = Base.lproj/Main.storyboard; sourceTree = "<group>"; };
		AA64FB9E252BCA76001EDE45 /* Assets.xcassets */ = {isa = PBXFileReference; lastKnownFileType = folder.assetcatalog; path = Assets.xcassets; sourceTree = "<group>"; };
		AA64FBA1252BCA76001EDE45 /* Base */ = {isa = PBXFileReference; lastKnownFileType = file.storyboard; name = Base; path = Base.lproj/LaunchScreen.storyboard; sourceTree = "<group>"; };
		AA64FBA3252BCA76001EDE45 /* Info.plist */ = {isa = PBXFileReference; lastKnownFileType = text.plist.xml; path = Info.plist; sourceTree = "<group>"; };
		AA64FBAA252BCD21001EDE45 /* MobileNetV2.mlmodel */ = {isa = PBXFileReference; lastKnownFileType = file.mlmodel; path = MobileNetV2.mlmodel; sourceTree = "<group>"; };
/* End PBXFileReference section */

/* Begin PBXFrameworksBuildPhase section */
		AA64FB8F252BCA70001EDE45 /* Frameworks */ = {
			isa = PBXFrameworksBuildPhase;
			buildActionMask = 2147483647;
			files = (
			);
			runOnlyForDeploymentPostprocessing = 0;
		};
/* End PBXFrameworksBuildPhase section */

/* Begin PBXGroup section */
		AA64FB89252BCA70001EDE45 = {
			isa = PBXGroup;
			children = (
				AA64FB94252BCA70001EDE45 /* MachineLearningImageRecognition */,
				AA64FB93252BCA70001EDE45 /* Products */,
			);
			sourceTree = "<group>";
		};
		AA64FB93252BCA70001EDE45 /* Products */ = {
			isa = PBXGroup;
			children = (
				AA64FB92252BCA70001EDE45 /* MachineLearningImageRecognition.app */,
			);
			name = Products;
			sourceTree = "<group>";
		};
		AA64FB94252BCA70001EDE45 /* MachineLearningImageRecognition */ = {
			isa = PBXGroup;
			children = (
				AA64FB95252BCA70001EDE45 /* AppDelegate.swift */,
				AA64FB97252BCA70001EDE45 /* SceneDelegate.swift */,
				AA64FB99252BCA70001EDE45 /* ViewController.swift */,
				AA64FB9B252BCA70001EDE45 /* Main.storyboard */,
				AA64FB9E252BCA76001EDE45 /* Assets.xcassets */,
				AA64FBA0252BCA76001EDE45 /* LaunchScreen.storyboard */,
				AA64FBA3252BCA76001EDE45 /* Info.plist */,
				AA64FBAA252BCD21001EDE45 /* MobileNetV2.mlmodel */,
			);
			path = MachineLearningImageRecognition;
			sourceTree = "<group>";
		};
/* End PBXGroup section */

/* Begin PBXNativeTarget section */
		AA64FB91252BCA70001EDE45 /* MachineLearningImageRecognition */ = {
			isa = PBXNativeTarget;
			buildConfigurationList = AA64FBA6252BCA76001EDE45 /* Build configuration list for PBXNativeTarget "MachineLearningImageRecognition" */;
			buildPhases = (
				AA64FB8E252BCA70001EDE45 /* Sources */,
				AA64FB8F252BCA70001EDE45 /* Frameworks */,
				AA64FB90252BCA70001EDE45 /* Resources */,
			);
			buildRules = (
			);
			dependencies = (
			);
			name = MachineLearningImageRecognition;
			productName = MachineLearningImageRecognition;
			productReference = AA64FB92252BCA70001EDE45 /* MachineLearningImageRecognition.app */;
			productType = "com.apple.product-type.application";
		};
/* End PBXNativeTarget section */

/* Begin PBXProject section */
		AA64FB8A252BCA70001EDE45 /* Project object */ = {
			isa = PBXProject;
			attributes = {
				LastSwiftUpdateCheck = 1200;
				LastUpgradeCheck = 1200;
				TargetAttributes = {
					AA64FB91252BCA70001EDE45 = {
						CreatedOnToolsVersion = 12.0.1;
					};
				};
			};
			buildConfigurationList = AA64FB8D252BCA70001EDE45 /* Build configuration list for PBXProject "MachineLearningImageRecognition" */;
			compatibilityVersion = "Xcode 9.3";
			developmentRegion = en;
			hasScannedForEncodings = 0;
			knownRegions = (
				en,
				Base,
			);
			mainGroup = AA64FB89252BCA70001EDE45;
			productRefGroup = AA64FB93252BCA70001EDE45 /* Products */;
			projectDirPath = "";
			projectRoot = "";
			targets = (
				AA64FB91252BCA70001EDE45 /* MachineLearningImageRecognition */,
			);
		};
/* End PBXProject section */

/* Begin PBXResourcesBuildPhase section */
		AA64FB90252BCA70001EDE45 /* Resources */ = {
			isa = PBXResourcesBuildPhase;
			buildActionMask = 2147483647;
			files = (
				AA64FBA2252BCA76001EDE45 /* LaunchScreen.storyboard in Resources */,
				AA64FB9F252BCA76001EDE45 /* Assets.xcassets in Resources */,
				AA64FB9D252BCA70001EDE45 /* Main.storyboard in Resources */,
			);
			runOnlyForDeploymentPostprocessing = 0;
		};
/* End PBXResourcesBuildPhase section */

/* Begin PBXSourcesBuildPhase section */
		AA64FB8E252BCA70001EDE45 /* Sources */ = {
			isa = PBXSourcesBuildPhase;
			buildActionMask = 2147483647;
			files = (
				AA64FB9A252BCA70001EDE45 /* ViewController.swift in Sources */,
				AA64FB96252BCA70001EDE45 /* AppDelegate.swift in Sources */,
				AA64FBAB252BCD21001EDE45 /* MobileNetV2.mlmodel in Sources */,
				AA64FB98252BCA70001EDE45 /* SceneDelegate.swift in Sources */,
			);
			runOnlyForDeploymentPostprocessing = 0;
		};
/* End PBXSourcesBuildPhase section */

/* Begin PBXVariantGroup section */
		AA64FB9B252BCA70001EDE45 /* Main.storyboard */ = {
			isa = PBXVariantGroup;
			children = (
				AA64FB9C252BCA70001EDE45 /* Base */,
			);
			name = Main.storyboard;
			sourceTree = "<group>";
		};
		AA64FBA0252BCA76001EDE45 /* LaunchScreen.storyboard */ = {
			isa = PBXVariantGroup;
			children = (
				AA64FBA1252BCA76001EDE45 /* Base */,
			);
			name = LaunchScreen.storyboard;
			sourceTree = "<group>";
		};
/* End PBXVariantGroup section */

/* Begin XCBuildConfiguration section */
		AA64FBA4252BCA76001EDE45 /* Debug */ = {
			isa = XCBuildConfiguration;
			buildSettings = {
				ALWAYS_SEARCH_USER_PATHS = NO;
				CLANG_ANALYZER_NONNULL = YES;
				CLANG_ANALYZER_NUMBER_OBJECT_CONVERSION = YES_AGGRESSIVE;
				CLANG_CXX_LANGUAGE_STANDARD = "gnu++14";
				CLANG_CXX_LIBRARY = "libc++";
				CLANG_ENABLE_MODULES = YES;
				CLANG_ENABLE_OBJC_ARC = YES;
				CLANG_ENABLE_OBJC_WEAK = YES;
				CLANG_WARN_BLOCK_CAPTURE_AUTORELEASING = YES;
				CLANG_WARN_BOOL_CONVERSION = YES;
				CLANG_WARN_COMMA = YES;
				CLANG_WARN_CONSTANT_CONVERSION = YES;
				CLANG_WARN_DEPRECATED_OBJC_IMPLEMENTATIONS = YES;
				CLANG_WARN_DIRECT_OBJC_ISA_USAGE = YES_ERROR;
				CLANG_WARN_DOCUMENTATION_COMMENTS = YES;
				CLANG_WARN_EMPTY_BODY = YES;
				CLANG_WARN_ENUM_CONVERSION = YES;
				CLANG_WARN_INFINITE_RECURSION = YES;
				CLANG_WARN_INT_CONVERSION = YES;
				CLANG_WARN_NON_LITERAL_NULL_CONVERSION = YES;
				CLANG_WARN_OBJC_IMPLICIT_RETAIN_SELF = YES;
				CLANG_WARN_OBJC_LITERAL_CONVERSION = YES;
				CLANG_WARN_OBJC_ROOT_CLASS = YES_ERROR;
				CLANG_WARN_QUOTED_INCLUDE_IN_FRAMEWORK_HEADER = YES;
				CLANG_WARN_RANGE_LOOP_ANALYSIS = YES;
				CLANG_WARN_STRICT_PROTOTYPES = YES;
				CLANG_WARN_SUSPICIOUS_MOVE = YES;
				CLANG_WARN_UNGUARDED_AVAILABILITY = YES_AGGRESSIVE;
				CLANG_WARN_UNREACHABLE_CODE = YES;
				CLANG_WARN__DUPLICATE_METHOD_MATCH = YES;
				COPY_PHASE_STRIP = NO;
				DEBUG_INFORMATION_FORMAT = dwarf;
				ENABLE_STRICT_OBJC_MSGSEND = YES;
				ENABLE_TESTABILITY = YES;
				GCC_C_LANGUAGE_STANDARD = gnu11;
				GCC_DYNAMIC_NO_PIC = NO;
				GCC_NO_COMMON_BLOCKS = YES;
				GCC_OPTIMIZATION_LEVEL = 0;
				GCC_PREPROCESSOR_DEFINITIONS = (
					"DEBUG=1",
					"$(inherited)",
				);
				GCC_WARN_64_TO_32_BIT_CONVERSION = YES;
				GCC_WARN_ABOUT_RETURN_TYPE = YES_ERROR;
				GCC_WARN_UNDECLARED_SELECTOR = YES;
				GCC_WARN_UNINITIALIZED_AUTOS = YES_AGGRESSIVE;
				GCC_WARN_UNUSED_FUNCTION = YES;
				GCC_WARN_UNUSED_VARIABLE = YES;
				IPHONEOS_DEPLOYMENT_TARGET = 14.0;
				MTL_ENABLE_DEBUG_INFO = INCLUDE_SOURCE;
				MTL_FAST_MATH = YES;
				ONLY_ACTIVE_ARCH = YES;
				SDKROOT = iphoneos;
				SWIFT_ACTIVE_COMPILATION_CONDITIONS = DEBUG;
				SWIFT_OPTIMIZATION_LEVEL = "-Onone";
			};
			name = Debug;
		};
		AA64FBA5252BCA76001EDE45 /* Release */ = {
			isa = XCBuildConfiguration;
			buildSettings = {
				ALWAYS_SEARCH_USER_PATHS = NO;
				CLANG_ANALYZER_NONNULL = YES;
				CLANG_ANALYZER_NUMBER_OBJECT_CONVERSION = YES_AGGRESSIVE;
				CLANG_CXX_LANGUAGE_STANDARD = "gnu++14";
				CLANG_CXX_LIBRARY = "libc++";
				CLANG_ENABLE_MODULES = YES;
				CLANG_ENABLE_OBJC_ARC = YES;
				CLANG_ENABLE_OBJC_WEAK = YES;
				CLANG_WARN_BLOCK_CAPTURE_AUTORELEASING = YES;
				CLANG_WARN_BOOL_CONVERSION = YES;
				CLANG_WARN_COMMA = YES;
				CLANG_WARN_CONSTANT_CONVERSION = YES;
				CLANG_WARN_DEPRECATED_OBJC_IMPLEMENTATIONS = YES;
				CLANG_WARN_DIRECT_OBJC_ISA_USAGE = YES_ERROR;
				CLANG_WARN_DOCUMENTATION_COMMENTS = YES;
				CLANG_WARN_EMPTY_BODY = YES;
				CLANG_WARN_ENUM_CONVERSION = YES;
				CLANG_WARN_INFINITE_RECURSION = YES;
				CLANG_WARN_INT_CONVERSION = YES;
				CLANG_WARN_NON_LITERAL_NULL_CONVERSION = YES;
				CLANG_WARN_OBJC_IMPLICIT_RETAIN_SELF = YES;
				CLANG_WARN_OBJC_LITERAL_CONVERSION = YES;
				CLANG_WARN_OBJC_ROOT_CLASS = YES_ERROR;
				CLANG_WARN_QUOTED_INCLUDE_IN_FRAMEWORK_HEADER = YES;
				CLANG_WARN_RANGE_LOOP_ANALYSIS = YES;
				CLANG_WARN_STRICT_PROTOTYPES = YES;
				CLANG_WARN_SUSPICIOUS_MOVE = YES;
				CLANG_WARN_UNGUARDED_AVAILABILITY = YES_AGGRESSIVE;
				CLANG_WARN_UNREACHABLE_CODE = YES;
				CLANG_WARN__DUPLICATE_METHOD_MATCH = YES;
				COPY_PHASE_STRIP = NO;
				DEBUG_INFORMATION_FORMAT = "dwarf-with-dsym";
				ENABLE_NS_ASSERTIONS = NO;
				ENABLE_STRICT_OBJC_MSGSEND = YES;
				GCC_C_LANGUAGE_STANDARD = gnu11;
				GCC_NO_COMMON_BLOCKS = YES;
				GCC_WARN_64_TO_32_BIT_CONVERSION = YES;
				GCC_WARN_ABOUT_RETURN_TYPE = YES_ERROR;
				GCC_WARN_UNDECLARED_SELECTOR = YES;
				GCC_WARN_UNINITIALIZED_AUTOS = YES_AGGRESSIVE;
				GCC_WARN_UNUSED_FUNCTION = YES;
				GCC_WARN_UNUSED_VARIABLE = YES;
				IPHONEOS_DEPLOYMENT_TARGET = 14.0;
				MTL_ENABLE_DEBUG_INFO = NO;
				MTL_FAST_MATH = YES;
				SDKROOT = iphoneos;
				SWIFT_COMPILATION_MODE = wholemodule;
				SWIFT_OPTIMIZATION_LEVEL = "-O";
				VALIDATE_PRODUCT = YES;
			};
			name = Release;
		};
		AA64FBA7252BCA76001EDE45 /* Debug */ = {
			isa = XCBuildConfiguration;
			buildSettings = {
				ASSETCATALOG_COMPILER_APPICON_NAME = AppIcon;
				ASSETCATALOG_COMPILER_GLOBAL_ACCENT_COLOR_NAME = AccentColor;
				CODE_SIGN_STYLE = Automatic;
				INFOPLIST_FILE = MachineLearningImageRecognition/Info.plist;
				LD_RUNPATH_SEARCH_PATHS = (
					"$(inherited)",
					"@executable_path/Frameworks",
				);
				PRODUCT_BUNDLE_IDENTIFIER = x.LMR.MachineLearningImageRecognition;
				PRODUCT_NAME = "$(TARGET_NAME)";
				SWIFT_VERSION = 5.0;
				TARGETED_DEVICE_FAMILY = "1,2";
			};
			name = Debug;
		};
		AA64FBA8252BCA76001EDE45 /* Release */ = {
			isa = XCBuildConfiguration;
			buildSettings = {
				ASSETCATALOG_COMPILER_APPICON_NAME = AppIcon;
				ASSETCATALOG_COMPILER_GLOBAL_ACCENT_COLOR_NAME = AccentColor;
				CODE_SIGN_STYLE = Automatic;
				INFOPLIST_FILE = MachineLearningImageRecognition/Info.plist;
				LD_RUNPATH_SEARCH_PATHS = (
					"$(inherited)",
					"@executable_path/Frameworks",
				);
				PRODUCT_BUNDLE_IDENTIFIER = x.LMR.MachineLearningImageRecognition;
				PRODUCT_NAME = "$(TARGET_NAME)";
				SWIFT_VERSION = 5.0;
				TARGETED_DEVICE_FAMILY = "1,2";
			};
			name = Release;
		};
/* End XCBuildConfiguration section */

/* Begin XCConfigurationList section */
		AA64FB8D252BCA70001EDE45 /* Build configuration list for PBXProject "MachineLearningImageRecognition" */ = {
			isa = XCConfigurationList;
			buildConfigurations = (
				AA64FBA4252BCA76001EDE45 /* Debug */,
				AA64FBA5252BCA76001EDE45 /* Release */,
			);
			defaultConfigurationIsVisible = 0;
			defaultConfigurationName = Release;
		};
		AA64FBA6252BCA76001EDE45 /* Build configuration list for PBXNativeTarget "MachineLearningImageRecognition" */ = {
			isa = XCConfigurationList;
			buildConfigurations = (
				AA64FBA7252BCA76001EDE45 /* Debug */,
				AA64FBA8252BCA76001EDE45 /* Release */,
			);
			defaultConfigurationIsVisible = 0;
			defaultConfigurationName = Release;
		};
/* End XCConfigurationList section */
	};
	rootObject = AA64FB8A252BCA70001EDE45 /* Project object */;
}
